
Microsoft Visual Studio Solution File, Format Version 12.00
# Visual Studio Version 16
VisualStudioVersion = 16.0.29911.84
MinimumVisualStudioVersion = 10.0.40219.1
Project("{8BC9CEB8-8B4A-11D0-8D11-00A0C91BC942}") = "ComPort", "ComPort\ComPort.vcxproj", "{A5AFC341-D783-4375-B289-839985F165A9}"
EndProject
Project("{8BC9CEB8-8B4A-11D0-8D11-00A0C91BC942}") = "For Test", "For Test\For Test.vcxproj", "{20E46CE9-D58A-4676-AE52-9E53E2187FA1}"
EndProject
Global
	GlobalSection(SolutionConfigurationPlatforms) = preSolution
		Debug|x64 = Debug|x64
		Debug|x86 = Debug|x86
		Release|x64 = Release|x64
		Release|x86 = Release|x86
	EndGlobalSection
	GlobalSection(ProjectConfigurationPlatforms) = postSolution
		{A5AFC341-D783-4375-B289-839985F165A9}.Debug|x64.ActiveCfg = Debug|x64
		{A5AFC341-D783-4375-B289-839985F165A9}.Debug|x64.Build.0 = Debug|x64
		{A5AFC341-D783-4375-B289-839985F165A9}.Debug|x86.ActiveCfg = Debug|Win32
		{A5AFC341-D783-4375-B289-839985F165A9}.Debug|x86.Build.0 = Debug|Win32
		{A5AFC341-D783-4375-B289-839985F165A9}.Release|x64.ActiveCfg = Release|x64
		{A5AFC341-D783-4375-B289-839985F165A9}.Release|x64.Build.0 = Release|x64
		{A5AFC341-D783-4375-B289-839985F165A9}.Release|x86.ActiveCfg = Release|Win32
		{A5AFC341-D783-4375-B289-839985F165A9}.Release|x86.Build.0 = Release|Win32
		{20E46CE9-D58A-4676-AE52-9E53E2187FA1}.Debug|x64.ActiveCfg = Debug|x64
		{20E46CE9-D58A-4676-AE52-9E53E2187FA1}.Debug|x64.Build.0 = Debug|x64
		{20E46CE9-D58A-4676-AE52-9E53E2187FA1}.Debug|x86.ActiveCfg = Debug|Win32
		{20E46CE9-D58A-4676-AE52-9E53E2187FA1}.Debug|x86.Build.0 = Debug|Win32
		{20E46CE9-D58A-4676-AE52-9E53E2187FA1}.Release|x64.ActiveCfg = Release|x64
		{20E46CE9-D58A-4676-AE52-9E53E2187FA1}.Release|x64.Build.0 = Release|x64
		{20E46CE9-D58A-4676-AE52-9E53E2187FA1}.Release|x86.ActiveCfg = Release|Win32
		{20E46CE9-D58A-4676-AE52-9E53E2187FA1}.Release|x86.Build.0 = Release|Win32
	EndGlobalSection
	GlobalSection(SolutionProperties) = preSolution
		HideSolutionNode = FALSE
	EndGlobalSection
	GlobalSection(ExtensibilityGlobals) = postSolution
		SolutionGuid = {3E5BCF7A-0528-4C76-B800-D66722850140}
	EndGlobalSection
EndGlobal
